
Microsoft Visual Studio Solution File, Format Version 12.00
# Visual Studio 15
Project("{FAE04EC0-301F-11D3-BF4B-00C04F79EFBC}") = "Smiley_Run", "Smiley_Run.csproj", "{D1503C53-5F1C-E1E4-01C8-A517F2A6204C}"
EndProject
Global
	GlobalSection(SolutionConfigurationPlatforms) = preSolution
		Debug|Any CPU = Debug|Any CPU
		Release|Any CPU = Release|Any CPU
	EndGlobalSection
	GlobalSection(ProjectConfigurationPlatforms) = postSolution
		{D1503C53-5F1C-E1E4-01C8-A517F2A6204C}.Debug|Any CPU.ActiveCfg = Debug|Any CPU
		{D1503C53-5F1C-E1E4-01C8-A517F2A6204C}.Debug|Any CPU.Build.0 = Debug|Any CPU
		{D1503C53-5F1C-E1E4-01C8-A517F2A6204C}.Release|Any CPU.ActiveCfg = Release|Any CPU
		{D1503C53-5F1C-E1E4-01C8-A517F2A6204C}.Release|Any CPU.Build.0 = Release|Any CPU
	EndGlobalSection
	GlobalSection(SolutionProperties) = preSolution
		HideSolutionNode = FALSE
	EndGlobalSection
EndGlobal
